
Microsoft Visual Studio Solution File, Format Version 12.00
# Visual Studio Version 16
VisualStudioVersion = 16.0.30413.136
MinimumVisualStudioVersion = 10.0.40219.1
Project("{8BC9CEB8-8B4A-11D0-8D11-00A0C91BC942}") = "Pattern(whileLoop)", "Pattern(whileLoop)\Pattern(whileLoop).vcxproj", "{DFDBF3DB-7458-4D50-A94C-FE448494CC88}"
EndProject
Global
	GlobalSection(SolutionConfigurationPlatforms) = preSolution
		Debug|x64 = Debug|x64
		Debug|x86 = Debug|x86
		Release|x64 = Release|x64
		Release|x86 = Release|x86
	EndGlobalSection
	GlobalSection(ProjectConfigurationPlatforms) = postSolution
		{DFDBF3DB-7458-4D50-A94C-FE448494CC88}.Debug|x64.ActiveCfg = Debug|x64
		{DFDBF3DB-7458-4D50-A94C-FE448494CC88}.Debug|x64.Build.0 = Debug|x64
		{DFDBF3DB-7458-4D50-A94C-FE448494CC88}.Debug|x86.ActiveCfg = Debug|Win32
		{DFDBF3DB-7458-4D50-A94C-FE448494CC88}.Debug|x86.Build.0 = Debug|Win32
		{DFDBF3DB-7458-4D50-A94C-FE448494CC88}.Release|x64.ActiveCfg = Release|x64
		{DFDBF3DB-7458-4D50-A94C-FE448494CC88}.Release|x64.Build.0 = Release|x64
		{DFDBF3DB-7458-4D50-A94C-FE448494CC88}.Release|x86.ActiveCfg = Release|Win32
		{DFDBF3DB-7458-4D50-A94C-FE448494CC88}.Release|x86.Build.0 = Release|Win32
	EndGlobalSection
	GlobalSection(SolutionProperties) = preSolution
		HideSolutionNode = FALSE
	EndGlobalSection
	GlobalSection(ExtensibilityGlobals) = postSolution
		SolutionGuid = {B57A5230-11B0-4E50-9169-1161E65CB14D}
	EndGlobalSection
EndGlobal
